
Microsoft Visual Studio Solution File, Format Version 12.00
# Visual Studio Version 17
VisualStudioVersion = 17.11.35208.52
MinimumVisualStudioVersion = 10.0.40219.1
Project("{FAE04EC0-301F-11D3-BF4B-00C04F79EFBC}") = "ControleEstoqueApp", "ControleEstoqueApp\ControleEstoqueApp.csproj", "{FDA92149-A5B9-4B50-9418-1E34707D49AE}"
EndProject
Global
	GlobalSection(SolutionConfigurationPlatforms) = preSolution
		Debug|Any CPU = Debug|Any CPU
		Release|Any CPU = Release|Any CPU
	EndGlobalSection
	GlobalSection(ProjectConfigurationPlatforms) = postSolution
		{FDA92149-A5B9-4B50-9418-1E34707D49AE}.Debug|Any CPU.ActiveCfg = Debug|Any CPU
		{FDA92149-A5B9-4B50-9418-1E34707D49AE}.Debug|Any CPU.Build.0 = Debug|Any CPU
		{FDA92149-A5B9-4B50-9418-1E34707D49AE}.Release|Any CPU.ActiveCfg = Release|Any CPU
		{FDA92149-A5B9-4B50-9418-1E34707D49AE}.Release|Any CPU.Build.0 = Release|Any CPU
	EndGlobalSection
	GlobalSection(SolutionProperties) = preSolution
		HideSolutionNode = FALSE
	EndGlobalSection
	GlobalSection(ExtensibilityGlobals) = postSolution
		SolutionGuid = {D5B3CE09-5BA2-4685-92FD-8B5AEACAC90C}
	EndGlobalSection
EndGlobal
